{
    "_readme": [
        "This file locks the dependencies of your project to a known state",
        "Read more about it at https://getcomposer.org/doc/01-basic-usage.md#composer-lock-the-lock-file",
        "This file is @generated automatically"
    ],
    "hash": "0c76509c5599a96fa2ed1d7de3c291e0",
    "content-hash": "9e15747e572293c2b5bc6084ee7b0550",
    "packages": [
        {
            "name": "ignittion/kong-php",
            "version": "v1.0.2",
            "source": {
                "type": "git",
                "url": "https://github.com/ignittion/kong-php.git",
                "reference": "7cb48938c1c9b340d123120b8ab9071ab1a358ae"
            },
            "dist": {
                "type": "zip",
                "url": "https://api.github.com/repos/ignittion/kong-php/zipball/7cb48938c1c9b340d123120b8ab9071ab1a358ae",
                "reference": "7cb48938c1c9b340d123120b8ab9071ab1a358ae",
                "shasum": ""
            },
            "require": {
                "mashape/unirest-php": "2.*",
                "php": ">=5.6"
            },
            "require-dev": {
                "mockery/mockery": "^0.9.4",
                "phpunit/phpunit": "~4.0"
            },
            "type": "library",
            "autoload": {
                "psr-4": {
                    "Ignittion\\Kong\\": "src/Kong"
                }
            },
            "notification-url": "https://packagist.org/downloads/",
            "license": [
                "MIT"
            ],
            "description": "A PHP Library for interacting with the Kong API Gateway Admin.",
            "keywords": [
                "kong",
                "kong gateway",
                "laravel kong"
            ],
            "time": "2017-02-11 00:58:41"
        },
        {
            "name": "mashape/unirest-php",
            "version": "v2.6.6",
            "source": {
                "type": "git",
                "url": "https://github.com/Mashape/unirest-php.git",
                "reference": "73c2d903232bb5a125396e606b67314a87b8b21c"
            },
            "dist": {
                "type": "zip",
                "url": "https://api.github.com/repos/Mashape/unirest-php/zipball/73c2d903232bb5a125396e606b67314a87b8b21c",
                "reference": "73c2d903232bb5a125396e606b67314a87b8b21c",
                "shasum": ""
            },
            "require": {
                "ext-curl": "*",
                "ext-json": "*",
                "php": ">=5.4.0"
            },
            "require-dev": {
                "codeclimate/php-test-reporter": "0.1.*",
                "phpunit/phpunit": "~4.4"
            },
            "type": "library",
            "autoload": {
                "psr-0": {
                    "Unirest": "src"
                }
            },
            "notification-url": "https://packagist.org/downloads/",
            "license": [
                "MIT"
            ],
            "description": "Unirest PHP",
            "homepage": "https://github.com/Mashape/unirest-php",
            "keywords": [
                "client",
                "curl",
                "http",
                "https",
                "rest"
            ],
            "time": "2016-02-16 16:45:52"
        }
    ],
    "packages-dev": [],
    "aliases": [],
    "minimum-stability": "stable",
    "stability-flags": [],
    "prefer-stable": false,
    "prefer-lowest": false,
    "platform": [],
    "platform-dev": []
}
